// !$*UTF8*$!
{
	archiveVersion = 1;
	classes = {
	};
	objectVersion = 55;
	objects = {

/* Begin PBXBuildFile section */
		04028C49299D3803002D4605 /* RMCharacterStatus.swift in Sources */ = {isa = PBXBuildFile; fileRef = 04028C48299D3803002D4605 /* RMCharacterStatus.swift */; };
		04028C4B299D383D002D4605 /* RMCharacterGender.swift in Sources */ = {isa = PBXBuildFile; fileRef = 04028C4A299D383D002D4605 /* RMCharacterGender.swift */; };
		042D10DA2992CB73006D0271 /* AppDelegate.swift in Sources */ = {isa = PBXBuildFile; fileRef = 042D10D92992CB73006D0271 /* AppDelegate.swift */; };
		042D10DC2992CB73006D0271 /* SceneDelegate.swift in Sources */ = {isa = PBXBuildFile; fileRef = 042D10DB2992CB73006D0271 /* SceneDelegate.swift */; };
		042D10DE2992CB73006D0271 /* RMTabBarController.swift in Sources */ = {isa = PBXBuildFile; fileRef = 042D10DD2992CB73006D0271 /* RMTabBarController.swift */; };
		042D10E32992CB76006D0271 /* Assets.xcassets in Resources */ = {isa = PBXBuildFile; fileRef = 042D10E22992CB76006D0271 /* Assets.xcassets */; };
		042D10E62992CB76006D0271 /* LaunchScreen.storyboard in Resources */ = {isa = PBXBuildFile; fileRef = 042D10E42992CB76006D0271 /* LaunchScreen.storyboard */; };
		042D10F12992CB76006D0271 /* RickAndMortyTests.swift in Sources */ = {isa = PBXBuildFile; fileRef = 042D10F02992CB76006D0271 /* RickAndMortyTests.swift */; };
		042D10FB2992CB76006D0271 /* RickAndMortyUITests.swift in Sources */ = {isa = PBXBuildFile; fileRef = 042D10FA2992CB76006D0271 /* RickAndMortyUITests.swift */; };
		042D10FD2992CB76006D0271 /* RickAndMortyUITestsLaunchTests.swift in Sources */ = {isa = PBXBuildFile; fileRef = 042D10FC2992CB76006D0271 /* RickAndMortyUITestsLaunchTests.swift */; };
		042D11112992CEA3006D0271 /* RMLocation.swift in Sources */ = {isa = PBXBuildFile; fileRef = 042D11102992CEA3006D0271 /* RMLocation.swift */; };
		042D11132992CEC8006D0271 /* RMCharacter.swift in Sources */ = {isa = PBXBuildFile; fileRef = 042D11122992CEC8006D0271 /* RMCharacter.swift */; };
		042D11152992CED6006D0271 /* RMEpisode.swift in Sources */ = {isa = PBXBuildFile; fileRef = 042D11142992CED6006D0271 /* RMEpisode.swift */; };
		042D11182992CF84006D0271 /* RMEpisodeViewController.swift in Sources */ = {isa = PBXBuildFile; fileRef = 042D11172992CF84006D0271 /* RMEpisodeViewController.swift */; };
		042D111A2992CFA0006D0271 /* RMCharacterViewController.swift in Sources */ = {isa = PBXBuildFile; fileRef = 042D11192992CFA0006D0271 /* RMCharacterViewController.swift */; };
		042D111C2992CFB2006D0271 /* RMLocationViewController.swift in Sources */ = {isa = PBXBuildFile; fileRef = 042D111B2992CFB2006D0271 /* RMLocationViewController.swift */; };
		042D111E2992CFCE006D0271 /* RMSettingsViewController.swift in Sources */ = {isa = PBXBuildFile; fileRef = 042D111D2992CFCE006D0271 /* RMSettingsViewController.swift */; };
		04D9029D299AB48300EC07C4 /* RMService.swift in Sources */ = {isa = PBXBuildFile; fileRef = 04D9029C299AB48300EC07C4 /* RMService.swift */; };
		04D9029F299AB4A000EC07C4 /* RMRequest.swift in Sources */ = {isa = PBXBuildFile; fileRef = 04D9029E299AB4A000EC07C4 /* RMRequest.swift */; };
		04D902A1299AB56800EC07C4 /* RMEndpoint.swift in Sources */ = {isa = PBXBuildFile; fileRef = 04D902A0299AB56800EC07C4 /* RMEndpoint.swift */; };
		04D902A3299B91D600EC07C4 /* RMOrigin.swift in Sources */ = {isa = PBXBuildFile; fileRef = 04D902A2299B91D600EC07C4 /* RMOrigin.swift */; };
		04D902A5299B926300EC07C4 /* RMSingleLocation.swift in Sources */ = {isa = PBXBuildFile; fileRef = 04D902A4299B926300EC07C4 /* RMSingleLocation.swift */; };
/* End PBXBuildFile section */

/* Begin PBXContainerItemProxy section */
		042D10ED2992CB76006D0271 /* PBXContainerItemProxy */ = {
			isa = PBXContainerItemProxy;
			containerPortal = 042D10CE2992CB73006D0271 /* Project object */;
			proxyType = 1;
			remoteGlobalIDString = 042D10D52992CB73006D0271;
			remoteInfo = RickAndMorty;
		};
		042D10F72992CB76006D0271 /* PBXContainerItemProxy */ = {
			isa = PBXContainerItemProxy;
			containerPortal = 042D10CE2992CB73006D0271 /* Project object */;
			proxyType = 1;
			remoteGlobalIDString = 042D10D52992CB73006D0271;
			remoteInfo = RickAndMorty;
		};
/* End PBXContainerItemProxy section */

/* Begin PBXFileReference section */
		04028C48299D3803002D4605 /* RMCharacterStatus.swift */ = {isa = PBXFileReference; lastKnownFileType = sourcecode.swift; path = RMCharacterStatus.swift; sourceTree = "<group>"; };
		04028C4A299D383D002D4605 /* RMCharacterGender.swift */ = {isa = PBXFileReference; lastKnownFileType = sourcecode.swift; path = RMCharacterGender.swift; sourceTree = "<group>"; };
		042D10D62992CB73006D0271 /* RickAndMorty.app */ = {isa = PBXFileReference; explicitFileType = wrapper.application; includeInIndex = 0; path = RickAndMorty.app; sourceTree = BUILT_PRODUCTS_DIR; };
		042D10D92992CB73006D0271 /* AppDelegate.swift */ = {isa = PBXFileReference; lastKnownFileType = sourcecode.swift; path = AppDelegate.swift; sourceTree = "<group>"; };
		042D10DB2992CB73006D0271 /* SceneDelegate.swift */ = {isa = PBXFileReference; lastKnownFileType = sourcecode.swift; path = SceneDelegate.swift; sourceTree = "<group>"; };
		042D10DD2992CB73006D0271 /* RMTabBarController.swift */ = {isa = PBXFileReference; lastKnownFileType = sourcecode.swift; path = RMTabBarController.swift; sourceTree = "<group>"; };
		042D10E22992CB76006D0271 /* Assets.xcassets */ = {isa = PBXFileReference; lastKnownFileType = folder.assetcatalog; path = Assets.xcassets; sourceTree = "<group>"; };
		042D10E52992CB76006D0271 /* Base */ = {isa = PBXFileReference; lastKnownFileType = file.storyboard; name = Base; path = Base.lproj/LaunchScreen.storyboard; sourceTree = "<group>"; };
		042D10E72992CB76006D0271 /* Info.plist */ = {isa = PBXFileReference; lastKnownFileType = text.plist.xml; path = Info.plist; sourceTree = "<group>"; };
		042D10EC2992CB76006D0271 /* RickAndMortyTests.xctest */ = {isa = PBXFileReference; explicitFileType = wrapper.cfbundle; includeInIndex = 0; path = RickAndMortyTests.xctest; sourceTree = BUILT_PRODUCTS_DIR; };
		042D10F02992CB76006D0271 /* RickAndMortyTests.swift */ = {isa = PBXFileReference; lastKnownFileType = sourcecode.swift; path = RickAndMortyTests.swift; sourceTree = "<group>"; };
		042D10F62992CB76006D0271 /* RickAndMortyUITests.xctest */ = {isa = PBXFileReference; explicitFileType = wrapper.cfbundle; includeInIndex = 0; path = RickAndMortyUITests.xctest; sourceTree = BUILT_PRODUCTS_DIR; };
		042D10FA2992CB76006D0271 /* RickAndMortyUITests.swift */ = {isa = PBXFileReference; lastKnownFileType = sourcecode.swift; path = RickAndMortyUITests.swift; sourceTree = "<group>"; };
		042D10FC2992CB76006D0271 /* RickAndMortyUITestsLaunchTests.swift */ = {isa = PBXFileReference; lastKnownFileType = sourcecode.swift; path = RickAndMortyUITestsLaunchTests.swift; sourceTree = "<group>"; };
		042D11102992CEA3006D0271 /* RMLocation.swift */ = {isa = PBXFileReference; lastKnownFileType = sourcecode.swift; path = RMLocation.swift; sourceTree = "<group>"; };
		042D11122992CEC8006D0271 /* RMCharacter.swift */ = {isa = PBXFileReference; lastKnownFileType = sourcecode.swift; path = RMCharacter.swift; sourceTree = "<group>"; };
		042D11142992CED6006D0271 /* RMEpisode.swift */ = {isa = PBXFileReference; lastKnownFileType = sourcecode.swift; path = RMEpisode.swift; sourceTree = "<group>"; };
		042D11172992CF84006D0271 /* RMEpisodeViewController.swift */ = {isa = PBXFileReference; lastKnownFileType = sourcecode.swift; path = RMEpisodeViewController.swift; sourceTree = "<group>"; };
		042D11192992CFA0006D0271 /* RMCharacterViewController.swift */ = {isa = PBXFileReference; lastKnownFileType = sourcecode.swift; path = RMCharacterViewController.swift; sourceTree = "<group>"; };
		042D111B2992CFB2006D0271 /* RMLocationViewController.swift */ = {isa = PBXFileReference; lastKnownFileType = sourcecode.swift; path = RMLocationViewController.swift; sourceTree = "<group>"; };
		042D111D2992CFCE006D0271 /* RMSettingsViewController.swift */ = {isa = PBXFileReference; lastKnownFileType = sourcecode.swift; path = RMSettingsViewController.swift; sourceTree = "<group>"; };
		04D9029C299AB48300EC07C4 /* RMService.swift */ = {isa = PBXFileReference; lastKnownFileType = sourcecode.swift; path = RMService.swift; sourceTree = "<group>"; };
		04D9029E299AB4A000EC07C4 /* RMRequest.swift */ = {isa = PBXFileReference; lastKnownFileType = sourcecode.swift; path = RMRequest.swift; sourceTree = "<group>"; };
		04D902A0299AB56800EC07C4 /* RMEndpoint.swift */ = {isa = PBXFileReference; lastKnownFileType = sourcecode.swift; path = RMEndpoint.swift; sourceTree = "<group>"; };
		04D902A2299B91D600EC07C4 /* RMOrigin.swift */ = {isa = PBXFileReference; lastKnownFileType = sourcecode.swift; path = RMOrigin.swift; sourceTree = "<group>"; };
		04D902A4299B926300EC07C4 /* RMSingleLocation.swift */ = {isa = PBXFileReference; lastKnownFileType = sourcecode.swift; path = RMSingleLocation.swift; sourceTree = "<group>"; };
/* End PBXFileReference section */

/* Begin PBXFrameworksBuildPhase section */
		042D10D32992CB73006D0271 /* Frameworks */ = {
			isa = PBXFrameworksBuildPhase;
			buildActionMask = 2147483647;
			files = (
			);
			runOnlyForDeploymentPostprocessing = 0;
		};
		042D10E92992CB76006D0271 /* Frameworks */ = {
			isa = PBXFrameworksBuildPhase;
			buildActionMask = 2147483647;
			files = (
			);
			runOnlyForDeploymentPostprocessing = 0;
		};
		042D10F32992CB76006D0271 /* Frameworks */ = {
			isa = PBXFrameworksBuildPhase;
			buildActionMask = 2147483647;
			files = (
			);
			runOnlyForDeploymentPostprocessing = 0;
		};
/* End PBXFrameworksBuildPhase section */

/* Begin PBXGroup section */
		042D10CD2992CB73006D0271 = {
			isa = PBXGroup;
			children = (
				042D10D82992CB73006D0271 /* RickAndMorty */,
				042D10EF2992CB76006D0271 /* RickAndMortyTests */,
				042D10F92992CB76006D0271 /* RickAndMortyUITests */,
				042D10D72992CB73006D0271 /* Products */,
			);
			sourceTree = "<group>";
		};
		042D10D72992CB73006D0271 /* Products */ = {
			isa = PBXGroup;
			children = (
				042D10D62992CB73006D0271 /* RickAndMorty.app */,
				042D10EC2992CB76006D0271 /* RickAndMortyTests.xctest */,
				042D10F62992CB76006D0271 /* RickAndMortyUITests.xctest */,
			);
			name = Products;
			sourceTree = "<group>";
		};
		042D10D82992CB73006D0271 /* RickAndMorty */ = {
			isa = PBXGroup;
			children = (
				042D110F2992CDD7006D0271 /* Resources */,
				042D110E2992CDCC006D0271 /* Managers */,
				042D110D2992CDBE006D0271 /* APIClient */,
				042D110C2992CDAF006D0271 /* ViewModels */,
				042D110B2992CDA2006D0271 /* Views */,
				042D110A2992CD95006D0271 /* Models */,
				042D11092992CD8B006D0271 /* Controllers */,
				042D10E72992CB76006D0271 /* Info.plist */,
			);
			path = RickAndMorty;
			sourceTree = "<group>";
		};
		042D10EF2992CB76006D0271 /* RickAndMortyTests */ = {
			isa = PBXGroup;
			children = (
				042D10F02992CB76006D0271 /* RickAndMortyTests.swift */,
			);
			path = RickAndMortyTests;
			sourceTree = "<group>";
		};
		042D10F92992CB76006D0271 /* RickAndMortyUITests */ = {
			isa = PBXGroup;
			children = (
				042D10FA2992CB76006D0271 /* RickAndMortyUITests.swift */,
				042D10FC2992CB76006D0271 /* RickAndMortyUITestsLaunchTests.swift */,
			);
			path = RickAndMortyUITests;
			sourceTree = "<group>";
		};
		042D11092992CD8B006D0271 /* Controllers */ = {
			isa = PBXGroup;
			children = (
				042D11162992CF48006D0271 /* Core */,
			);
			path = Controllers;
			sourceTree = "<group>";
		};
		042D110A2992CD95006D0271 /* Models */ = {
			isa = PBXGroup;
			children = (
				042D11102992CEA3006D0271 /* RMLocation.swift */,
				042D11122992CEC8006D0271 /* RMCharacter.swift */,
				042D11142992CED6006D0271 /* RMEpisode.swift */,
				04D902A2299B91D600EC07C4 /* RMOrigin.swift */,
				04D902A4299B926300EC07C4 /* RMSingleLocation.swift */,
				04028C48299D3803002D4605 /* RMCharacterStatus.swift */,
				04028C4A299D383D002D4605 /* RMCharacterGender.swift */,
			);
			path = Models;
			sourceTree = "<group>";
		};
		042D110B2992CDA2006D0271 /* Views */ = {
			isa = PBXGroup;
			children = (
			);
			path = Views;
			sourceTree = "<group>";
		};
		042D110C2992CDAF006D0271 /* ViewModels */ = {
			isa = PBXGroup;
			children = (
			);
			path = ViewModels;
			sourceTree = "<group>";
		};
		042D110D2992CDBE006D0271 /* APIClient */ = {
			isa = PBXGroup;
			children = (
				04D9029C299AB48300EC07C4 /* RMService.swift */,
				04D9029E299AB4A000EC07C4 /* RMRequest.swift */,
				04D902A0299AB56800EC07C4 /* RMEndpoint.swift */,
			);
			path = APIClient;
			sourceTree = "<group>";
		};
		042D110E2992CDCC006D0271 /* Managers */ = {
			isa = PBXGroup;
			children = (
			);
			path = Managers;
			sourceTree = "<group>";
		};
		042D110F2992CDD7006D0271 /* Resources */ = {
			isa = PBXGroup;
			children = (
				042D10E42992CB76006D0271 /* LaunchScreen.storyboard */,
				042D10E22992CB76006D0271 /* Assets.xcassets */,
				042D10DB2992CB73006D0271 /* SceneDelegate.swift */,
				042D10D92992CB73006D0271 /* AppDelegate.swift */,
			);
			path = Resources;
			sourceTree = "<group>";
		};
		042D11162992CF48006D0271 /* Core */ = {
			isa = PBXGroup;
			children = (
				042D10DD2992CB73006D0271 /* RMTabBarController.swift */,
				042D11172992CF84006D0271 /* RMEpisodeViewController.swift */,
				042D11192992CFA0006D0271 /* RMCharacterViewController.swift */,
				042D111B2992CFB2006D0271 /* RMLocationViewController.swift */,
				042D111D2992CFCE006D0271 /* RMSettingsViewController.swift */,
			);
			path = Core;
			sourceTree = "<group>";
		};
/* End PBXGroup section */

/* Begin PBXNativeTarget section */
		042D10D52992CB73006D0271 /* RickAndMorty */ = {
			isa = PBXNativeTarget;
			buildConfigurationList = 042D11002992CB76006D0271 /* Build configuration list for PBXNativeTarget "RickAndMorty" */;
			buildPhases = (
				042D10D22992CB73006D0271 /* Sources */,
				042D10D32992CB73006D0271 /* Frameworks */,
				042D10D42992CB73006D0271 /* Resources */,
			);
			buildRules = (
			);
			dependencies = (
			);
			name = RickAndMorty;
			productName = RickAndMorty;
			productReference = 042D10D62992CB73006D0271 /* RickAndMorty.app */;
			productType = "com.apple.product-type.application";
		};
		042D10EB2992CB76006D0271 /* RickAndMortyTests */ = {
			isa = PBXNativeTarget;
			buildConfigurationList = 042D11032992CB76006D0271 /* Build configuration list for PBXNativeTarget "RickAndMortyTests" */;
			buildPhases = (
				042D10E82992CB76006D0271 /* Sources */,
				042D10E92992CB76006D0271 /* Frameworks */,
				042D10EA2992CB76006D0271 /* Resources */,
			);
			buildRules = (
			);
			dependencies = (
				042D10EE2992CB76006D0271 /* PBXTargetDependency */,
			);
			name = RickAndMortyTests;
			productName = RickAndMortyTests;
			productReference = 042D10EC2992CB76006D0271 /* RickAndMortyTests.xctest */;
			productType = "com.apple.product-type.bundle.unit-test";
		};
		042D10F52992CB76006D0271 /* RickAndMortyUITests */ = {
			isa = PBXNativeTarget;
			buildConfigurationList = 042D11062992CB76006D0271 /* Build configuration list for PBXNativeTarget "RickAndMortyUITests" */;
			buildPhases = (
				042D10F22992CB76006D0271 /* Sources */,
				042D10F32992CB76006D0271 /* Frameworks */,
				042D10F42992CB76006D0271 /* Resources */,
			);
			buildRules = (
			);
			dependencies = (
				042D10F82992CB76006D0271 /* PBXTargetDependency */,
			);
			name = RickAndMortyUITests;
			productName = RickAndMortyUITests;
			productReference = 042D10F62992CB76006D0271 /* RickAndMortyUITests.xctest */;
			productType = "com.apple.product-type.bundle.ui-testing";
		};
/* End PBXNativeTarget section */

/* Begin PBXProject section */
		042D10CE2992CB73006D0271 /* Project object */ = {
			isa = PBXProject;
			attributes = {
				BuildIndependentTargetsInParallel = 1;
				LastSwiftUpdateCheck = 1320;
				LastUpgradeCheck = 1320;
				TargetAttributes = {
					042D10D52992CB73006D0271 = {
						CreatedOnToolsVersion = 13.2.1;
					};
					042D10EB2992CB76006D0271 = {
						CreatedOnToolsVersion = 13.2.1;
						TestTargetID = 042D10D52992CB73006D0271;
					};
					042D10F52992CB76006D0271 = {
						CreatedOnToolsVersion = 13.2.1;
						TestTargetID = 042D10D52992CB73006D0271;
					};
				};
			};
			buildConfigurationList = 042D10D12992CB73006D0271 /* Build configuration list for PBXProject "RickAndMorty" */;
			compatibilityVersion = "Xcode 13.0";
			developmentRegion = en;
			hasScannedForEncodings = 0;
			knownRegions = (
				en,
				Base,
			);
			mainGroup = 042D10CD2992CB73006D0271;
			productRefGroup = 042D10D72992CB73006D0271 /* Products */;
			projectDirPath = "";
			projectRoot = "";
			targets = (
				042D10D52992CB73006D0271 /* RickAndMorty */,
				042D10EB2992CB76006D0271 /* RickAndMortyTests */,
				042D10F52992CB76006D0271 /* RickAndMortyUITests */,
			);
		};
/* End PBXProject section */

/* Begin PBXResourcesBuildPhase section */
		042D10D42992CB73006D0271 /* Resources */ = {
			isa = PBXResourcesBuildPhase;
			buildActionMask = 2147483647;
			files = (
				042D10E62992CB76006D0271 /* LaunchScreen.storyboard in Resources */,
				042D10E32992CB76006D0271 /* Assets.xcassets in Resources */,
			);
			runOnlyForDeploymentPostprocessing = 0;
		};
		042D10EA2992CB76006D0271 /* Resources */ = {
			isa = PBXResourcesBuildPhase;
			buildActionMask = 2147483647;
			files = (
			);
			runOnlyForDeploymentPostprocessing = 0;
		};
		042D10F42992CB76006D0271 /* Resources */ = {
			isa = PBXResourcesBuildPhase;
			buildActionMask = 2147483647;
			files = (
			);
			runOnlyForDeploymentPostprocessing = 0;
		};
/* End PBXResourcesBuildPhase section */

/* Begin PBXSourcesBuildPhase section */
		042D10D22992CB73006D0271 /* Sources */ = {
			isa = PBXSourcesBuildPhase;
			buildActionMask = 2147483647;
			files = (
				04D902A3299B91D600EC07C4 /* RMOrigin.swift in Sources */,
				04D902A5299B926300EC07C4 /* RMSingleLocation.swift in Sources */,
				04028C49299D3803002D4605 /* RMCharacterStatus.swift in Sources */,
				04028C4B299D383D002D4605 /* RMCharacterGender.swift in Sources */,
				042D111C2992CFB2006D0271 /* RMLocationViewController.swift in Sources */,
				042D11152992CED6006D0271 /* RMEpisode.swift in Sources */,
				04D9029F299AB4A000EC07C4 /* RMRequest.swift in Sources */,
				042D11182992CF84006D0271 /* RMEpisodeViewController.swift in Sources */,
				042D10DE2992CB73006D0271 /* RMTabBarController.swift in Sources */,
				042D10DA2992CB73006D0271 /* AppDelegate.swift in Sources */,
				042D10DC2992CB73006D0271 /* SceneDelegate.swift in Sources */,
				042D111E2992CFCE006D0271 /* RMSettingsViewController.swift in Sources */,
				04D9029D299AB48300EC07C4 /* RMService.swift in Sources */,
				04D902A1299AB56800EC07C4 /* RMEndpoint.swift in Sources */,
				042D111A2992CFA0006D0271 /* RMCharacterViewController.swift in Sources */,
				042D11112992CEA3006D0271 /* RMLocation.swift in Sources */,
				042D11132992CEC8006D0271 /* RMCharacter.swift in Sources */,
			);
			runOnlyForDeploymentPostprocessing = 0;
		};
		042D10E82992CB76006D0271 /* Sources */ = {
			isa = PBXSourcesBuildPhase;
			buildActionMask = 2147483647;
			files = (
				042D10F12992CB76006D0271 /* RickAndMortyTests.swift in Sources */,
			);
			runOnlyForDeploymentPostprocessing = 0;
		};
		042D10F22992CB76006D0271 /* Sources */ = {
			isa = PBXSourcesBuildPhase;
			buildActionMask = 2147483647;
			files = (
				042D10FB2992CB76006D0271 /* RickAndMortyUITests.swift in Sources */,
				042D10FD2992CB76006D0271 /* RickAndMortyUITestsLaunchTests.swift in Sources */,
			);
			runOnlyForDeploymentPostprocessing = 0;
		};
/* End PBXSourcesBuildPhase section */

/* Begin PBXTargetDependency section */
		042D10EE2992CB76006D0271 /* PBXTargetDependency */ = {
			isa = PBXTargetDependency;
			target = 042D10D52992CB73006D0271 /* RickAndMorty */;
			targetProxy = 042D10ED2992CB76006D0271 /* PBXContainerItemProxy */;
		};
		042D10F82992CB76006D0271 /* PBXTargetDependency */ = {
			isa = PBXTargetDependency;
			target = 042D10D52992CB73006D0271 /* RickAndMorty */;
			targetProxy = 042D10F72992CB76006D0271 /* PBXContainerItemProxy */;
		};
/* End PBXTargetDependency section */

/* Begin PBXVariantGroup section */
		042D10E42992CB76006D0271 /* LaunchScreen.storyboard */ = {
			isa = PBXVariantGroup;
			children = (
				042D10E52992CB76006D0271 /* Base */,
			);
			name = LaunchScreen.storyboard;
			sourceTree = "<group>";
		};
/* End PBXVariantGroup section */

/* Begin XCBuildConfiguration section */
		042D10FE2992CB76006D0271 /* Debug */ = {
			isa = XCBuildConfiguration;
			buildSettings = {
				ALWAYS_SEARCH_USER_PATHS = NO;
				CLANG_ANALYZER_NONNULL = YES;
				CLANG_ANALYZER_NUMBER_OBJECT_CONVERSION = YES_AGGRESSIVE;
				CLANG_CXX_LANGUAGE_STANDARD = "gnu++17";
				CLANG_CXX_LIBRARY = "libc++";
				CLANG_ENABLE_MODULES = YES;
				CLANG_ENABLE_OBJC_ARC = YES;
				CLANG_ENABLE_OBJC_WEAK = YES;
				CLANG_WARN_BLOCK_CAPTURE_AUTORELEASING = YES;
				CLANG_WARN_BOOL_CONVERSION = YES;
				CLANG_WARN_COMMA = YES;
				CLANG_WARN_CONSTANT_CONVERSION = YES;
				CLANG_WARN_DEPRECATED_OBJC_IMPLEMENTATIONS = YES;
				CLANG_WARN_DIRECT_OBJC_ISA_USAGE = YES_ERROR;
				CLANG_WARN_DOCUMENTATION_COMMENTS = YES;
				CLANG_WARN_EMPTY_BODY = YES;
				CLANG_WARN_ENUM_CONVERSION = YES;
				CLANG_WARN_INFINITE_RECURSION = YES;
				CLANG_WARN_INT_CONVERSION = YES;
				CLANG_WARN_NON_LITERAL_NULL_CONVERSION = YES;
				CLANG_WARN_OBJC_IMPLICIT_RETAIN_SELF = YES;
				CLANG_WARN_OBJC_LITERAL_CONVERSION = YES;
				CLANG_WARN_OBJC_ROOT_CLASS = YES_ERROR;
				CLANG_WARN_QUOTED_INCLUDE_IN_FRAMEWORK_HEADER = YES;
				CLANG_WARN_RANGE_LOOP_ANALYSIS = YES;
				CLANG_WARN_STRICT_PROTOTYPES = YES;
				CLANG_WARN_SUSPICIOUS_MOVE = YES;
				CLANG_WARN_UNGUARDED_AVAILABILITY = YES_AGGRESSIVE;
				CLANG_WARN_UNREACHABLE_CODE = YES;
				CLANG_WARN__DUPLICATE_METHOD_MATCH = YES;
				COPY_PHASE_STRIP = NO;
				DEBUG_INFORMATION_FORMAT = dwarf;
				ENABLE_STRICT_OBJC_MSGSEND = YES;
				ENABLE_TESTABILITY = YES;
				GCC_C_LANGUAGE_STANDARD = gnu11;
				GCC_DYNAMIC_NO_PIC = NO;
				GCC_NO_COMMON_BLOCKS = YES;
				GCC_OPTIMIZATION_LEVEL = 0;
				GCC_PREPROCESSOR_DEFINITIONS = (
					"DEBUG=1",
					"$(inherited)",
				);
				GCC_WARN_64_TO_32_BIT_CONVERSION = YES;
				GCC_WARN_ABOUT_RETURN_TYPE = YES_ERROR;
				GCC_WARN_UNDECLARED_SELECTOR = YES;
				GCC_WARN_UNINITIALIZED_AUTOS = YES_AGGRESSIVE;
				GCC_WARN_UNUSED_FUNCTION = YES;
				GCC_WARN_UNUSED_VARIABLE = YES;
				IPHONEOS_DEPLOYMENT_TARGET = 15.2;
				MTL_ENABLE_DEBUG_INFO = INCLUDE_SOURCE;
				MTL_FAST_MATH = YES;
				ONLY_ACTIVE_ARCH = YES;
				SDKROOT = iphoneos;
				SWIFT_ACTIVE_COMPILATION_CONDITIONS = DEBUG;
				SWIFT_OPTIMIZATION_LEVEL = "-Onone";
			};
			name = Debug;
		};
		042D10FF2992CB76006D0271 /* Release */ = {
			isa = XCBuildConfiguration;
			buildSettings = {
				ALWAYS_SEARCH_USER_PATHS = NO;
				CLANG_ANALYZER_NONNULL = YES;
				CLANG_ANALYZER_NUMBER_OBJECT_CONVERSION = YES_AGGRESSIVE;
				CLANG_CXX_LANGUAGE_STANDARD = "gnu++17";
				CLANG_CXX_LIBRARY = "libc++";
				CLANG_ENABLE_MODULES = YES;
				CLANG_ENABLE_OBJC_ARC = YES;
				CLANG_ENABLE_OBJC_WEAK = YES;
				CLANG_WARN_BLOCK_CAPTURE_AUTORELEASING = YES;
				CLANG_WARN_BOOL_CONVERSION = YES;
				CLANG_WARN_COMMA = YES;
				CLANG_WARN_CONSTANT_CONVERSION = YES;
				CLANG_WARN_DEPRECATED_OBJC_IMPLEMENTATIONS = YES;
				CLANG_WARN_DIRECT_OBJC_ISA_USAGE = YES_ERROR;
				CLANG_WARN_DOCUMENTATION_COMMENTS = YES;
				CLANG_WARN_EMPTY_BODY = YES;
				CLANG_WARN_ENUM_CONVERSION = YES;
				CLANG_WARN_INFINITE_RECURSION = YES;
				CLANG_WARN_INT_CONVERSION = YES;
				CLANG_WARN_NON_LITERAL_NULL_CONVERSION = YES;
				CLANG_WARN_OBJC_IMPLICIT_RETAIN_SELF = YES;
				CLANG_WARN_OBJC_LITERAL_CONVERSION = YES;
				CLANG_WARN_OBJC_ROOT_CLASS = YES_ERROR;
				CLANG_WARN_QUOTED_INCLUDE_IN_FRAMEWORK_HEADER = YES;
				CLANG_WARN_RANGE_LOOP_ANALYSIS = YES;
				CLANG_WARN_STRICT_PROTOTYPES = YES;
				CLANG_WARN_SUSPICIOUS_MOVE = YES;
				CLANG_WARN_UNGUARDED_AVAILABILITY = YES_AGGRESSIVE;
				CLANG_WARN_UNREACHABLE_CODE = YES;
				CLANG_WARN__DUPLICATE_METHOD_MATCH = YES;
				COPY_PHASE_STRIP = NO;
				DEBUG_INFORMATION_FORMAT = "dwarf-with-dsym";
				ENABLE_NS_ASSERTIONS = NO;
				ENABLE_STRICT_OBJC_MSGSEND = YES;
				GCC_C_LANGUAGE_STANDARD = gnu11;
				GCC_NO_COMMON_BLOCKS = YES;
				GCC_WARN_64_TO_32_BIT_CONVERSION = YES;
				GCC_WARN_ABOUT_RETURN_TYPE = YES_ERROR;
				GCC_WARN_UNDECLARED_SELECTOR = YES;
				GCC_WARN_UNINITIALIZED_AUTOS = YES_AGGRESSIVE;
				GCC_WARN_UNUSED_FUNCTION = YES;
				GCC_WARN_UNUSED_VARIABLE = YES;
				IPHONEOS_DEPLOYMENT_TARGET = 15.2;
				MTL_ENABLE_DEBUG_INFO = NO;
				MTL_FAST_MATH = YES;
				SDKROOT = iphoneos;
				SWIFT_COMPILATION_MODE = wholemodule;
				SWIFT_OPTIMIZATION_LEVEL = "-O";
				VALIDATE_PRODUCT = YES;
			};
			name = Release;
		};
		042D11012992CB76006D0271 /* Debug */ = {
			isa = XCBuildConfiguration;
			buildSettings = {
				ASSETCATALOG_COMPILER_APPICON_NAME = AppIcon;
				ASSETCATALOG_COMPILER_GLOBAL_ACCENT_COLOR_NAME = AccentColor;
				CODE_SIGN_STYLE = Automatic;
				CURRENT_PROJECT_VERSION = 1;
				GENERATE_INFOPLIST_FILE = YES;
				INFOPLIST_FILE = RickAndMorty/Info.plist;
				INFOPLIST_KEY_UIApplicationSupportsIndirectInputEvents = YES;
				INFOPLIST_KEY_UILaunchStoryboardName = LaunchScreen;
				INFOPLIST_KEY_UISupportedInterfaceOrientations_iPad = "UIInterfaceOrientationPortrait UIInterfaceOrientationPortraitUpsideDown UIInterfaceOrientationLandscapeLeft UIInterfaceOrientationLandscapeRight";
				INFOPLIST_KEY_UISupportedInterfaceOrientations_iPhone = "UIInterfaceOrientationPortrait UIInterfaceOrientationLandscapeLeft UIInterfaceOrientationLandscapeRight";
				LD_RUNPATH_SEARCH_PATHS = (
					"$(inherited)",
					"@executable_path/Frameworks",
				);
				MARKETING_VERSION = 1.0;
				PRODUCT_BUNDLE_IDENTIFIER = myProject.RickAndMorty;
				PRODUCT_NAME = "$(TARGET_NAME)";
				SWIFT_EMIT_LOC_STRINGS = YES;
				SWIFT_VERSION = 5.0;
				TARGETED_DEVICE_FAMILY = "1,2";
			};
			name = Debug;
		};
		042D11022992CB76006D0271 /* Release */ = {
			isa = XCBuildConfiguration;
			buildSettings = {
				ASSETCATALOG_COMPILER_APPICON_NAME = AppIcon;
				ASSETCATALOG_COMPILER_GLOBAL_ACCENT_COLOR_NAME = AccentColor;
				CODE_SIGN_STYLE = Automatic;
				CURRENT_PROJECT_VERSION = 1;
				GENERATE_INFOPLIST_FILE = YES;
				INFOPLIST_FILE = RickAndMorty/Info.plist;
				INFOPLIST_KEY_UIApplicationSupportsIndirectInputEvents = YES;
				INFOPLIST_KEY_UILaunchStoryboardName = LaunchScreen;
				INFOPLIST_KEY_UISupportedInterfaceOrientations_iPad = "UIInterfaceOrientationPortrait UIInterfaceOrientationPortraitUpsideDown UIInterfaceOrientationLandscapeLeft UIInterfaceOrientationLandscapeRight";
				INFOPLIST_KEY_UISupportedInterfaceOrientations_iPhone = "UIInterfaceOrientationPortrait UIInterfaceOrientationLandscapeLeft UIInterfaceOrientationLandscapeRight";
				LD_RUNPATH_SEARCH_PATHS = (
					"$(inherited)",
					"@executable_path/Frameworks",
				);
				MARKETING_VERSION = 1.0;
				PRODUCT_BUNDLE_IDENTIFIER = myProject.RickAndMorty;
				PRODUCT_NAME = "$(TARGET_NAME)";
				SWIFT_EMIT_LOC_STRINGS = YES;
				SWIFT_VERSION = 5.0;
				TARGETED_DEVICE_FAMILY = "1,2";
			};
			name = Release;
		};
		042D11042992CB76006D0271 /* Debug */ = {
			isa = XCBuildConfiguration;
			buildSettings = {
				ALWAYS_EMBED_SWIFT_STANDARD_LIBRARIES = YES;
				BUNDLE_LOADER = "$(TEST_HOST)";
				CODE_SIGN_STYLE = Automatic;
				CURRENT_PROJECT_VERSION = 1;
				GENERATE_INFOPLIST_FILE = YES;
				IPHONEOS_DEPLOYMENT_TARGET = 15.2;
				MARKETING_VERSION = 1.0;
				PRODUCT_BUNDLE_IDENTIFIER = myProject.RickAndMortyTests;
				PRODUCT_NAME = "$(TARGET_NAME)";
				SWIFT_EMIT_LOC_STRINGS = NO;
				SWIFT_VERSION = 5.0;
				TARGETED_DEVICE_FAMILY = "1,2";
				TEST_HOST = "$(BUILT_PRODUCTS_DIR)/RickAndMorty.app/RickAndMorty";
			};
			name = Debug;
		};
		042D11052992CB76006D0271 /* Release */ = {
			isa = XCBuildConfiguration;
			buildSettings = {
				ALWAYS_EMBED_SWIFT_STANDARD_LIBRARIES = YES;
				BUNDLE_LOADER = "$(TEST_HOST)";
				CODE_SIGN_STYLE = Automatic;
				CURRENT_PROJECT_VERSION = 1;
				GENERATE_INFOPLIST_FILE = YES;
				IPHONEOS_DEPLOYMENT_TARGET = 15.2;
				MARKETING_VERSION = 1.0;
				PRODUCT_BUNDLE_IDENTIFIER = myProject.RickAndMortyTests;
				PRODUCT_NAME = "$(TARGET_NAME)";
				SWIFT_EMIT_LOC_STRINGS = NO;
				SWIFT_VERSION = 5.0;
				TARGETED_DEVICE_FAMILY = "1,2";
				TEST_HOST = "$(BUILT_PRODUCTS_DIR)/RickAndMorty.app/RickAndMorty";
			};
			name = Release;
		};
		042D11072992CB76006D0271 /* Debug */ = {
			isa = XCBuildConfiguration;
			buildSettings = {
				ALWAYS_EMBED_SWIFT_STANDARD_LIBRARIES = YES;
				CODE_SIGN_STYLE = Automatic;
				CURRENT_PROJECT_VERSION = 1;
				GENERATE_INFOPLIST_FILE = YES;
				MARKETING_VERSION = 1.0;
				PRODUCT_BUNDLE_IDENTIFIER = myProject.RickAndMortyUITests;
				PRODUCT_NAME = "$(TARGET_NAME)";
				SWIFT_EMIT_LOC_STRINGS = NO;
				SWIFT_VERSION = 5.0;
				TARGETED_DEVICE_FAMILY = "1,2";
				TEST_TARGET_NAME = RickAndMorty;
			};
			name = Debug;
		};
		042D11082992CB76006D0271 /* Release */ = {
			isa = XCBuildConfiguration;
			buildSettings = {
				ALWAYS_EMBED_SWIFT_STANDARD_LIBRARIES = YES;
				CODE_SIGN_STYLE = Automatic;
				CURRENT_PROJECT_VERSION = 1;
				GENERATE_INFOPLIST_FILE = YES;
				MARKETING_VERSION = 1.0;
				PRODUCT_BUNDLE_IDENTIFIER = myProject.RickAndMortyUITests;
				PRODUCT_NAME = "$(TARGET_NAME)";
				SWIFT_EMIT_LOC_STRINGS = NO;
				SWIFT_VERSION = 5.0;
				TARGETED_DEVICE_FAMILY = "1,2";
				TEST_TARGET_NAME = RickAndMorty;
			};
			name = Release;
		};
/* End XCBuildConfiguration section */

/* Begin XCConfigurationList section */
		042D10D12992CB73006D0271 /* Build configuration list for PBXProject "RickAndMorty" */ = {
			isa = XCConfigurationList;
			buildConfigurations = (
				042D10FE2992CB76006D0271 /* Debug */,
				042D10FF2992CB76006D0271 /* Release */,
			);
			defaultConfigurationIsVisible = 0;
			defaultConfigurationName = Release;
		};
		042D11002992CB76006D0271 /* Build configuration list for PBXNativeTarget "RickAndMorty" */ = {
			isa = XCConfigurationList;
			buildConfigurations = (
				042D11012992CB76006D0271 /* Debug */,
				042D11022992CB76006D0271 /* Release */,
			);
			defaultConfigurationIsVisible = 0;
			defaultConfigurationName = Release;
		};
		042D11032992CB76006D0271 /* Build configuration list for PBXNativeTarget "RickAndMortyTests" */ = {
			isa = XCConfigurationList;
			buildConfigurations = (
				042D11042992CB76006D0271 /* Debug */,
				042D11052992CB76006D0271 /* Release */,
			);
			defaultConfigurationIsVisible = 0;
			defaultConfigurationName = Release;
		};
		042D11062992CB76006D0271 /* Build configuration list for PBXNativeTarget "RickAndMortyUITests" */ = {
			isa = XCConfigurationList;
			buildConfigurations = (
				042D11072992CB76006D0271 /* Debug */,
				042D11082992CB76006D0271 /* Release */,
			);
			defaultConfigurationIsVisible = 0;
			defaultConfigurationName = Release;
		};
/* End XCConfigurationList section */
	};
	rootObject = 042D10CE2992CB73006D0271 /* Project object */;
}
